{
  "name": "audora-workflow",
  "version": "0.1.0",
  "lockfileVersion": 3,
  "requires": true,
  "packages": {
    "": {
      "name": "audora-workflow",
      "version": "0.1.0",
      "dependencies": {
        "@renderinc/sdk": "^1.0.0"
      },
      "devDependencies": {
        "@types/node": "^20.14.0",
        "typescript": "^5.5.4"
      }
    },
    "node_modules/@redis/bloom": {
      "version": "5.12.1",
      "resolved": "https://registry.npmjs.org/@redis/bloom/-/bloom-5.12.1.tgz",
      "integrity": "sha512-PUUfv+ms7jgPSBVoo/DN4AkPHj4D5TZSd6SbJX7egzBplkYUcKmHRE8RKia7UtZ8bSQbLguLvxVO+asKtQfZWA==",
      "engines": {
        "node": ">= 18.19.0"
      },
      "peerDependencies": {
        "@redis/client": "^5.12.1"
      }
    },
    "node_modules/@redis/client": {
      "version": "5.12.1",
      "resolved": "https://registry.npmjs.org/@redis/client/-/client-5.12.1.tgz",
      "integrity": "sha512-7aPGWeqA3uFm43o19umzdl16CEjK/JQGtSXVPevplTaOU3VJA/rseBC1QvYUz9lLDIMBimc4SW/zrW4S89BaCA==",
      "dependencies": {
        "cluster-key-slot": "1.1.2"
      },
      "engines": {
        "node": ">= 18.19.0"
      },
      "peerDependencies": {
        "@node-rs/xxhash": "^1.1.0",
        "@opentelemetry/api": ">=1 <2"
      },
      "peerDependenciesMeta": {
        "@node-rs/xxhash": {
          "optional": true
        },
        "@opentelemetry/api": {
          "optional": true
        }
      }
    },
    "node_modules/@redis/json": {
      "version": "5.12.1",
      "resolved": "https://registry.npmjs.org/@redis/json/-/json-5.12.1.tgz",
      "integrity": "sha512-eOze75esLve4vfqDel7aMX08CNaiLLQS2fV8mpRN9NxPe1rVR4vQyYiW/OgtGUysF6QOr9ANhfxABKNOJfXdKg==",
      "engines": {
        "node": ">= 18.19.0"
      },
      "peerDependencies": {
        "@redis/client": "^5.12.1"
      }
    },
    "node_modules/@redis/search": {
      "version": "5.12.1",
      "resolved": "https://registry.npmjs.org/@redis/search/-/search-5.12.1.tgz",
      "integrity": "sha512-ItlxbxC9cKI6IU1TLWoczwJCRb6TdmkEpWv05UrPawqaAnWGRu3rcIqsc5vN483T2fSociuyV1UkWIL5I4//2w==",
      "engines": {
        "node": ">= 18.19.0"
      },
      "peerDependencies": {
        "@redis/client": "^5.12.1"
      }
    },
    "node_modules/@redis/time-series": {
      "version": "5.12.1",
      "resolved": "https://registry.npmjs.org/@redis/time-series/-/time-series-5.12.1.tgz",
      "integrity": "sha512-c6JL6E3EcZJuNqKFz+KM+l9l5mpcQiKvTwgA3blt5glWJ8hjDk0yeHN3beE/MpqYIQ8UEX44ItQzgkE/gCBELQ==",
      "engines": {
        "node": ">= 18.19.0"
      },
      "peerDependencies": {
        "@redis/client": "^5.12.1"
      }
    },
    "node_modules/@renderinc/sdk": {
      "version": "1.0.0",
      "resolved": "https://registry.npmjs.org/@renderinc/sdk/-/sdk-1.0.0.tgz",
      "integrity": "sha512-upLn8LBi8j6C43FyIl33cSAIOtsAmvU2CZXNY0Y7rE0Pt8N7g8tX8MmNB10z9BZMh8WLIrwNCtwCd1dPskl45g==",
      "dependencies": {
        "eventsource": "^4.0.0",
        "openapi-fetch": "^0.15.0",
        "redis": "^5.11.0"
      },
      "engines": {
        "node": ">=18.0.0"
      }
    },
    "node_modules/@types/node": {
      "version": "20.19.43",
      "resolved": "https://registry.npmjs.org/@types/node/-/node-20.19.43.tgz",
      "integrity": "sha512-6oYBAi5ikg4Pl+kGsoYtawUMBT2zZMCvPNF7pVLnHZfd1zf38DRiWn/gT01RYCdUqkv7Fhr+C9ot4/tb+2sVvA==",
      "dev": true,
      "dependencies": {
        "undici-types": "~6.21.0"
      }
    },
    "node_modules/cluster-key-slot": {
      "version": "1.1.2",
      "resolved": "https://registry.npmjs.org/cluster-key-slot/-/cluster-key-slot-1.1.2.tgz",
      "integrity": "sha512-RMr0FhtfXemyinomL4hrWcYJxmX6deFdCxpJzhDttxgO1+bcCnkk+9drydLVDmAMG7NE6aN/fl4F7ucU/90gAA==",
      "engines": {
        "node": ">=0.10.0"
      }
    },
    "node_modules/eventsource": {
      "version": "4.1.1",
      "resolved": "https://registry.npmjs.org/eventsource/-/eventsource-4.1.1.tgz",
      "integrity": "sha512-D6bTRWh6KahHTK/m4WnjPQyEinNPf9eFLEZSEoj7d6fTibspnAVYfzHvirL7u/aoX5d9YYfIkBVAhmigUELk9w==",
      "dependencies": {
        "eventsource-parser": "^3.0.1"
      },
      "engines": {
        "node": ">=20.0.0"
      }
    },
    "node_modules/eventsource-parser": {
      "version": "3.1.1",
      "resolved": "https://registry.npmjs.org/eventsource-parser/-/eventsource-parser-3.1.1.tgz",
      "integrity": "sha512-EKN1vKAMcZ8MlYMpaNuxN6R9yakzH6uajHcHVTqWJzvu5pWw9DyhbP35HH8MVBQ+dZjAfDxk+A8NiR9KWaXiyQ==",
      "engines": {
        "node": ">=18.0.0"
      }
    },
    "node_modules/openapi-fetch": {
      "version": "0.15.2",
      "resolved": "https://registry.npmjs.org/openapi-fetch/-/openapi-fetch-0.15.2.tgz",
      "integrity": "sha512-rdYTzUmSsJevmNqg7fwUVGuKc2Gfb9h6ph74EVPkPfIGJaZTfqdIbJahtbJ3qg1LKinln30hqZniLnKpH0RJBg==",
      "dependencies": {
        "openapi-typescript-helpers": "^0.0.15"
      }
    },
    "node_modules/openapi-typescript-helpers": {
      "version": "0.0.15",
      "resolved": "https://registry.npmjs.org/openapi-typescript-helpers/-/openapi-typescript-helpers-0.0.15.tgz",
      "integrity": "sha512-opyTPaunsklCBpTK8JGef6mfPhLSnyy5a0IN9vKtx3+4aExf+KxEqYwIy3hqkedXIB97u357uLMJsOnm3GVjsw=="
    },
    "node_modules/redis": {
      "version": "5.12.1",
      "resolved": "https://registry.npmjs.org/redis/-/redis-5.12.1.tgz",
      "integrity": "sha512-LDsoVvb/CpoV9EN3FXvgvSHNJWuCIzl9MiO3ppOevuGLpSGJhwfQjpEwfFJcQvNSddHADDdZaWx0HnmMxRXG7g==",
      "dependencies": {
        "@redis/bloom": "5.12.1",
        "@redis/client": "5.12.1",
        "@redis/json": "5.12.1",
        "@redis/search": "5.12.1",
        "@redis/time-series": "5.12.1"
      },
      "engines": {
        "node": ">= 18.19.0"
      }
    },
    "node_modules/typescript": {
      "version": "5.9.3",
      "resolved": "https://registry.npmjs.org/typescript/-/typescript-5.9.3.tgz",
      "integrity": "sha512-jl1vZzPDinLr9eUt3J/t7V6FgNEw9QjvBPdysz9KfQDD41fQrC2Y4vKQdiaUpFT4bXlb1RHhLpp8wtm6M5TgSw==",
      "dev": true,
      "bin": {
        "tsc": "bin/tsc",
        "tsserver": "bin/tsserver"
      },
      "engines": {
        "node": ">=14.17"
      }
    },
    "node_modules/undici-types": {
      "version": "6.21.0",
      "resolved": "https://registry.npmjs.org/undici-types/-/undici-types-6.21.0.tgz",
      "integrity": "sha512-iwDZqg0QAGrg9Rav5H4n0M64c3mkR59cJ6wQp+7C4nI0gsmExaedaYLNO44eT4AtBBwjbTiGPMlt2Md0T9H9JQ==",
      "dev": true
    }
  }
}
